
Microsoft Visual Studio Solution File, Format Version 12.00
# Visual Studio Version 17
VisualStudioVersion = 17.6.33723.286
MinimumVisualStudioVersion = 10.0.40219.1
Project("{FAE04EC0-301F-11D3-BF4B-00C04F79EFBC}") = "RouletteTest", "RouletteTest.csproj", "{D0587408-0299-4781-A596-E25C83CBD33C}"
EndProject
Global
	GlobalSection(SolutionConfigurationPlatforms) = preSolution
		Debug|Any CPU = Debug|Any CPU
		Release|Any CPU = Release|Any CPU
	EndGlobalSection
	GlobalSection(ProjectConfigurationPlatforms) = postSolution
		{D0587408-0299-4781-A596-E25C83CBD33C}.Debug|Any CPU.ActiveCfg = Debug|Any CPU
		{D0587408-0299-4781-A596-E25C83CBD33C}.Debug|Any CPU.Build.0 = Debug|Any CPU
		{D0587408-0299-4781-A596-E25C83CBD33C}.Release|Any CPU.ActiveCfg = Release|Any CPU
		{D0587408-0299-4781-A596-E25C83CBD33C}.Release|Any CPU.Build.0 = Release|Any CPU
	EndGlobalSection
	GlobalSection(SolutionProperties) = preSolution
		HideSolutionNode = FALSE
	EndGlobalSection
	GlobalSection(ExtensibilityGlobals) = postSolution
		SolutionGuid = {2B4814AE-905E-4461-9422-5022DC30F219}
	EndGlobalSection
EndGlobal
